
Microsoft Visual Studio Solution File, Format Version 12.00
# Visual Studio Version 17
VisualStudioVersion = 17.7.34221.43
MinimumVisualStudioVersion = 10.0.40219.1
Project("{FAE04EC0-301F-11D3-BF4B-00C04F79EFBC}") = "EmailService", "EmailService.csproj", "{38A7BB16-D6D5-425C-90A0-82B8FC011CF5}"
EndProject
Global
	GlobalSection(SolutionConfigurationPlatforms) = preSolution
		Debug|Any CPU = Debug|Any CPU
		Release|Any CPU = Release|Any CPU
	EndGlobalSection
	GlobalSection(ProjectConfigurationPlatforms) = postSolution
		{38A7BB16-D6D5-425C-90A0-82B8FC011CF5}.Debug|Any CPU.ActiveCfg = Debug|Any CPU
		{38A7BB16-D6D5-425C-90A0-82B8FC011CF5}.Debug|Any CPU.Build.0 = Debug|Any CPU
		{38A7BB16-D6D5-425C-90A0-82B8FC011CF5}.Release|Any CPU.ActiveCfg = Release|Any CPU
		{38A7BB16-D6D5-425C-90A0-82B8FC011CF5}.Release|Any CPU.Build.0 = Release|Any CPU
	EndGlobalSection
	GlobalSection(SolutionProperties) = preSolution
		HideSolutionNode = FALSE
	EndGlobalSection
	GlobalSection(ExtensibilityGlobals) = postSolution
		SolutionGuid = {ED0FC1EB-BC12-40FF-936B-AAF65BF882BB}
	EndGlobalSection
EndGlobal
